<?xml version="1.0" encoding="utf-8"?>
<Project ToolsVersion="4.0" xmlns="http://schemas.microsoft.com/developer/msbuild/2003">
  <ItemGroup>
    <Filter Include="소스 파일">
      <UniqueIdentifier>{B1C2D3E4-0002-0002-0002-000000000001}</UniqueIdentifier>
      <Extensions>cpp;c;cc;cxx;c++;cppm;ixx</Extensions>
    </Filter>
    <Filter Include="헤더 파일">
      <UniqueIdentifier>{B1C2D3E4-0002-0002-0002-000000000002}</UniqueIdentifier>
      <Extensions>h;hh;hpp;hxx;h++</Extensions>
    </Filter>
  </ItemGroup>
  <ItemGroup>
    <None Include="packages.config" />
  </ItemGroup>
  <ItemGroup>
    <ClCompile Include="SampleRepositoryTest.cpp">
      <Filter>소스 파일</Filter>
    </ClCompile>
    <ClCompile Include="OrderRepositoryTest.cpp">
      <Filter>소스 파일</Filter>
    </ClCompile>
  </ItemGroup>
  <ItemGroup>
    <ClInclude Include="RepositoryTestFixture.h">
      <Filter>헤더 파일</Filter>
    </ClInclude>
    <ClInclude Include="DummyDataGenerator.h">
      <Filter>헤더 파일</Filter>
    </ClInclude>
  </ItemGroup>
</Project>
